
Microsoft Visual Studio Solution File, Format Version 12.00
# Visual Studio Version 17
VisualStudioVersion = 17.5.33530.505
MinimumVisualStudioVersion = 10.0.40219.1
Project("{FAE04EC0-301F-11D3-BF4B-00C04F79EFBC}") = "foodOrderingSystem", "foodOrderingSystem\foodOrderingSystem.csproj", "{DC771BD8-B629-4C8C-9E9B-2DF4F72FDE49}"
EndProject
Global
	GlobalSection(SolutionConfigurationPlatforms) = preSolution
		Debug|Any CPU = Debug|Any CPU
		Release|Any CPU = Release|Any CPU
	EndGlobalSection
	GlobalSection(ProjectConfigurationPlatforms) = postSolution
		{DC771BD8-B629-4C8C-9E9B-2DF4F72FDE49}.Debug|Any CPU.ActiveCfg = Debug|Any CPU
		{DC771BD8-B629-4C8C-9E9B-2DF4F72FDE49}.Debug|Any CPU.Build.0 = Debug|Any CPU
		{DC771BD8-B629-4C8C-9E9B-2DF4F72FDE49}.Release|Any CPU.ActiveCfg = Release|Any CPU
		{DC771BD8-B629-4C8C-9E9B-2DF4F72FDE49}.Release|Any CPU.Build.0 = Release|Any CPU
	EndGlobalSection
	GlobalSection(SolutionProperties) = preSolution
		HideSolutionNode = FALSE
	EndGlobalSection
	GlobalSection(ExtensibilityGlobals) = postSolution
		SolutionGuid = {290AB3EB-A490-4EAB-B28D-01798399BE6C}
	EndGlobalSection
EndGlobal
